// !$*UTF8*$!
{
	archiveVersion = 1;
	classes = {
	};
	objectVersion = 50;
	objects = {

/* Begin PBXBuildFile section */
		189FD073233A05C2000EE9E2 /* VAO.cpp in Sources */ = {isa = PBXBuildFile; fileRef = 189FD071233A05C2000EE9E2 /* VAO.cpp */; };
		18B90E9A233682710052CB32 /* main.cpp in Sources */ = {isa = PBXBuildFile; fileRef = 18B90E99233682710052CB32 /* main.cpp */; };
		18B90EA2233682B90052CB32 /* libglfw.3.3.dylib in Frameworks */ = {isa = PBXBuildFile; fileRef = 18B90EA1233682B90052CB32 /* libglfw.3.3.dylib */; };
		18B90EA4233683570052CB32 /* glad.c in Sources */ = {isa = PBXBuildFile; fileRef = 18B90EA3233683570052CB32 /* glad.c */; };
/* End PBXBuildFile section */

/* Begin PBXCopyFilesBuildPhase section */
		18B90E94233682710052CB32 /* CopyFiles */ = {
			isa = PBXCopyFilesBuildPhase;
			buildActionMask = 2147483647;
			dstPath = /usr/share/man/man1/;
			dstSubfolderSpec = 0;
			files = (
			);
			runOnlyForDeploymentPostprocessing = 1;
		};
/* End PBXCopyFilesBuildPhase section */

/* Begin PBXFileReference section */
		182C6FA023390E6700118E19 /* vertex.glsl */ = {isa = PBXFileReference; lastKnownFileType = text; path = vertex.glsl; sourceTree = "<group>"; };
		186CDF8623390E9C0087E7D3 /* fragment.glsl */ = {isa = PBXFileReference; lastKnownFileType = text; path = fragment.glsl; sourceTree = "<group>"; };
		189FD071233A05C2000EE9E2 /* VAO.cpp */ = {isa = PBXFileReference; lastKnownFileType = sourcecode.cpp.cpp; path = VAO.cpp; sourceTree = "<group>"; };
		189FD072233A05C2000EE9E2 /* VAO.hpp */ = {isa = PBXFileReference; lastKnownFileType = sourcecode.cpp.h; path = VAO.hpp; sourceTree = "<group>"; };
		18B90E96233682710052CB32 /* GLBootstrap */ = {isa = PBXFileReference; explicitFileType = "compiled.mach-o.executable"; includeInIndex = 0; path = GLBootstrap; sourceTree = BUILT_PRODUCTS_DIR; };
		18B90E99233682710052CB32 /* main.cpp */ = {isa = PBXFileReference; lastKnownFileType = sourcecode.cpp.cpp; path = main.cpp; sourceTree = "<group>"; };
		18B90EA1233682B90052CB32 /* libglfw.3.3.dylib */ = {isa = PBXFileReference; lastKnownFileType = "compiled.mach-o.dylib"; name = libglfw.3.3.dylib; path = ../../../../usr/local/Cellar/glfw/3.3/lib/libglfw.3.3.dylib; sourceTree = "<group>"; };
		18B90EA3233683570052CB32 /* glad.c */ = {isa = PBXFileReference; fileEncoding = 4; lastKnownFileType = sourcecode.c.c; path = glad.c; sourceTree = "<group>"; };
		18B90EA7233683810052CB32 /* khrplatform.h */ = {isa = PBXFileReference; fileEncoding = 4; lastKnownFileType = sourcecode.c.h; path = khrplatform.h; sourceTree = "<group>"; };
		18B90EA9233683810052CB32 /* glad.h */ = {isa = PBXFileReference; fileEncoding = 4; lastKnownFileType = sourcecode.c.h; path = glad.h; sourceTree = "<group>"; };
		18B90EAA233684A80052CB32 /* README.md */ = {isa = PBXFileReference; lastKnownFileType = net.daringfireball.markdown; path = README.md; sourceTree = "<group>"; };
/* End PBXFileReference section */

/* Begin PBXFrameworksBuildPhase section */
		18B90E93233682710052CB32 /* Frameworks */ = {
			isa = PBXFrameworksBuildPhase;
			buildActionMask = 2147483647;
			files = (
				18B90EA2233682B90052CB32 /* libglfw.3.3.dylib in Frameworks */,
			);
			runOnlyForDeploymentPostprocessing = 0;
		};
/* End PBXFrameworksBuildPhase section */

/* Begin PBXGroup section */
		180DBBEA2338E65300C6CB3F /* Assets */ = {
			isa = PBXGroup;
			children = (
				182C6FA023390E6700118E19 /* vertex.glsl */,
				186CDF8623390E9C0087E7D3 /* fragment.glsl */,
			);
			path = Assets;
			sourceTree = "<group>";
		};
		18B90E8D233682710052CB32 = {
			isa = PBXGroup;
			children = (
				180DBBEA2338E65300C6CB3F /* Assets */,
				18B90EAA233684A80052CB32 /* README.md */,
				18B90EA5233683810052CB32 /* Ext */,
				18B90E98233682710052CB32 /* GLBootstrap */,
				18B90E97233682710052CB32 /* Products */,
				18B90EA0233682B90052CB32 /* Frameworks */,
			);
			sourceTree = "<group>";
		};
		18B90E97233682710052CB32 /* Products */ = {
			isa = PBXGroup;
			children = (
				18B90E96233682710052CB32 /* GLBootstrap */,
			);
			name = Products;
			sourceTree = "<group>";
		};
		18B90E98233682710052CB32 /* GLBootstrap */ = {
			isa = PBXGroup;
			children = (
				18B90E99233682710052CB32 /* main.cpp */,
				18B90EA3233683570052CB32 /* glad.c */,
				189FD071233A05C2000EE9E2 /* VAO.cpp */,
				189FD072233A05C2000EE9E2 /* VAO.hpp */,
			);
			path = GLBootstrap;
			sourceTree = "<group>";
		};
		18B90EA0233682B90052CB32 /* Frameworks */ = {
			isa = PBXGroup;
			children = (
				18B90EA1233682B90052CB32 /* libglfw.3.3.dylib */,
			);
			name = Frameworks;
			sourceTree = "<group>";
		};
		18B90EA5233683810052CB32 /* Ext */ = {
			isa = PBXGroup;
			children = (
				18B90EA6233683810052CB32 /* KHR */,
				18B90EA8233683810052CB32 /* glad */,
			);
			path = Ext;
			sourceTree = "<group>";
		};
		18B90EA6233683810052CB32 /* KHR */ = {
			isa = PBXGroup;
			children = (
				18B90EA7233683810052CB32 /* khrplatform.h */,
			);
			path = KHR;
			sourceTree = "<group>";
		};
		18B90EA8233683810052CB32 /* glad */ = {
			isa = PBXGroup;
			children = (
				18B90EA9233683810052CB32 /* glad.h */,
			);
			path = glad;
			sourceTree = "<group>";
		};
/* End PBXGroup section */

/* Begin PBXNativeTarget section */
		18B90E95233682710052CB32 /* GLBootstrap */ = {
			isa = PBXNativeTarget;
			buildConfigurationList = 18B90E9D233682710052CB32 /* Build configuration list for PBXNativeTarget "GLBootstrap" */;
			buildPhases = (
				18B90E92233682710052CB32 /* Sources */,
				18B90E93233682710052CB32 /* Frameworks */,
				18B90E94233682710052CB32 /* CopyFiles */,
				180DBBEB2338E65C00C6CB3F /* ShellScript */,
			);
			buildRules = (
			);
			dependencies = (
			);
			name = GLBootstrap;
			productName = GLBootstrap;
			productReference = 18B90E96233682710052CB32 /* GLBootstrap */;
			productType = "com.apple.product-type.tool";
		};
/* End PBXNativeTarget section */

/* Begin PBXProject section */
		18B90E8E233682710052CB32 /* Project object */ = {
			isa = PBXProject;
			attributes = {
				LastUpgradeCheck = 1100;
				ORGANIZATIONNAME = aiofwa;
				TargetAttributes = {
					18B90E95233682710052CB32 = {
						CreatedOnToolsVersion = 10.3;
					};
				};
			};
			buildConfigurationList = 18B90E91233682710052CB32 /* Build configuration list for PBXProject "GLBootstrap" */;
			compatibilityVersion = "Xcode 9.3";
			developmentRegion = en;
			hasScannedForEncodings = 0;
			knownRegions = (
				en,
				Base,
			);
			mainGroup = 18B90E8D233682710052CB32;
			productRefGroup = 18B90E97233682710052CB32 /* Products */;
			projectDirPath = "";
			projectRoot = "";
			targets = (
				18B90E95233682710052CB32 /* GLBootstrap */,
			);
		};
/* End PBXProject section */

/* Begin PBXShellScriptBuildPhase section */
		180DBBEB2338E65C00C6CB3F /* ShellScript */ = {
			isa = PBXShellScriptBuildPhase;
			buildActionMask = 2147483647;
			files = (
			);
			inputFileListPaths = (
			);
			inputPaths = (
			);
			outputFileListPaths = (
			);
			outputPaths = (
			);
			runOnlyForDeploymentPostprocessing = 0;
			shellPath = /bin/sh;
			shellScript = "cp -rf ${SRCROOT}/Assets ${BUILT_PRODUCTS_DIR}\n";
		};
/* End PBXShellScriptBuildPhase section */

/* Begin PBXSourcesBuildPhase section */
		18B90E92233682710052CB32 /* Sources */ = {
			isa = PBXSourcesBuildPhase;
			buildActionMask = 2147483647;
			files = (
				189FD073233A05C2000EE9E2 /* VAO.cpp in Sources */,
				18B90E9A233682710052CB32 /* main.cpp in Sources */,
				18B90EA4233683570052CB32 /* glad.c in Sources */,
			);
			runOnlyForDeploymentPostprocessing = 0;
		};
/* End PBXSourcesBuildPhase section */

/* Begin XCBuildConfiguration section */
		18B90E9B233682710052CB32 /* Debug */ = {
			isa = XCBuildConfiguration;
			buildSettings = {
				ALWAYS_SEARCH_USER_PATHS = NO;
				CLANG_ANALYZER_NONNULL = YES;
				CLANG_ANALYZER_NUMBER_OBJECT_CONVERSION = YES_AGGRESSIVE;
				CLANG_CXX_LANGUAGE_STANDARD = "gnu++14";
				CLANG_CXX_LIBRARY = "libc++";
				CLANG_ENABLE_MODULES = YES;
				CLANG_ENABLE_OBJC_ARC = YES;
				CLANG_ENABLE_OBJC_WEAK = YES;
				CLANG_WARN_BLOCK_CAPTURE_AUTORELEASING = YES;
				CLANG_WARN_BOOL_CONVERSION = YES;
				CLANG_WARN_COMMA = YES;
				CLANG_WARN_CONSTANT_CONVERSION = YES;
				CLANG_WARN_DEPRECATED_OBJC_IMPLEMENTATIONS = YES;
				CLANG_WARN_DIRECT_OBJC_ISA_USAGE = YES_ERROR;
				CLANG_WARN_DOCUMENTATION_COMMENTS = YES;
				CLANG_WARN_EMPTY_BODY = YES;
				CLANG_WARN_ENUM_CONVERSION = YES;
				CLANG_WARN_INFINITE_RECURSION = YES;
				CLANG_WARN_INT_CONVERSION = YES;
				CLANG_WARN_NON_LITERAL_NULL_CONVERSION = YES;
				CLANG_WARN_OBJC_IMPLICIT_RETAIN_SELF = YES;
				CLANG_WARN_OBJC_LITERAL_CONVERSION = YES;
				CLANG_WARN_OBJC_ROOT_CLASS = YES_ERROR;
				CLANG_WARN_RANGE_LOOP_ANALYSIS = YES;
				CLANG_WARN_STRICT_PROTOTYPES = YES;
				CLANG_WARN_SUSPICIOUS_MOVE = YES;
				CLANG_WARN_UNGUARDED_AVAILABILITY = YES_AGGRESSIVE;
				CLANG_WARN_UNREACHABLE_CODE = YES;
				CLANG_WARN__DUPLICATE_METHOD_MATCH = YES;
				CODE_SIGN_IDENTITY = "Mac Developer";
				COPY_PHASE_STRIP = NO;
				DEBUG_INFORMATION_FORMAT = dwarf;
				ENABLE_STRICT_OBJC_MSGSEND = YES;
				ENABLE_TESTABILITY = YES;
				GCC_C_LANGUAGE_STANDARD = gnu11;
				GCC_DYNAMIC_NO_PIC = NO;
				GCC_NO_COMMON_BLOCKS = YES;
				GCC_OPTIMIZATION_LEVEL = 0;
				GCC_PREPROCESSOR_DEFINITIONS = (
					"DEBUG=1",
					"$(inherited)",
				);
				GCC_WARN_64_TO_32_BIT_CONVERSION = YES;
				GCC_WARN_ABOUT_RETURN_TYPE = YES_ERROR;
				GCC_WARN_UNDECLARED_SELECTOR = YES;
				GCC_WARN_UNINITIALIZED_AUTOS = YES_AGGRESSIVE;
				GCC_WARN_UNUSED_FUNCTION = YES;
				GCC_WARN_UNUSED_VARIABLE = YES;
				MACOSX_DEPLOYMENT_TARGET = 10.14;
				MTL_ENABLE_DEBUG_INFO = INCLUDE_SOURCE;
				MTL_FAST_MATH = YES;
				ONLY_ACTIVE_ARCH = YES;
				SDKROOT = macosx;
			};
			name = Debug;
		};
		18B90E9C233682710052CB32 /* Release */ = {
			isa = XCBuildConfiguration;
			buildSettings = {
				ALWAYS_SEARCH_USER_PATHS = NO;
				CLANG_ANALYZER_NONNULL = YES;
				CLANG_ANALYZER_NUMBER_OBJECT_CONVERSION = YES_AGGRESSIVE;
				CLANG_CXX_LANGUAGE_STANDARD = "gnu++14";
				CLANG_CXX_LIBRARY = "libc++";
				CLANG_ENABLE_MODULES = YES;
				CLANG_ENABLE_OBJC_ARC = YES;
				CLANG_ENABLE_OBJC_WEAK = YES;
				CLANG_WARN_BLOCK_CAPTURE_AUTORELEASING = YES;
				CLANG_WARN_BOOL_CONVERSION = YES;
				CLANG_WARN_COMMA = YES;
				CLANG_WARN_CONSTANT_CONVERSION = YES;
				CLANG_WARN_DEPRECATED_OBJC_IMPLEMENTATIONS = YES;
				CLANG_WARN_DIRECT_OBJC_ISA_USAGE = YES_ERROR;
				CLANG_WARN_DOCUMENTATION_COMMENTS = YES;
				CLANG_WARN_EMPTY_BODY = YES;
				CLANG_WARN_ENUM_CONVERSION = YES;
				CLANG_WARN_INFINITE_RECURSION = YES;
				CLANG_WARN_INT_CONVERSION = YES;
				CLANG_WARN_NON_LITERAL_NULL_CONVERSION = YES;
				CLANG_WARN_OBJC_IMPLICIT_RETAIN_SELF = YES;
				CLANG_WARN_OBJC_LITERAL_CONVERSION = YES;
				CLANG_WARN_OBJC_ROOT_CLASS = YES_ERROR;
				CLANG_WARN_RANGE_LOOP_ANALYSIS = YES;
				CLANG_WARN_STRICT_PROTOTYPES = YES;
				CLANG_WARN_SUSPICIOUS_MOVE = YES;
				CLANG_WARN_UNGUARDED_AVAILABILITY = YES_AGGRESSIVE;
				CLANG_WARN_UNREACHABLE_CODE = YES;
				CLANG_WARN__DUPLICATE_METHOD_MATCH = YES;
				CODE_SIGN_IDENTITY = "Mac Developer";
				COPY_PHASE_STRIP = NO;
				DEBUG_INFORMATION_FORMAT = "dwarf-with-dsym";
				ENABLE_NS_ASSERTIONS = NO;
				ENABLE_STRICT_OBJC_MSGSEND = YES;
				GCC_C_LANGUAGE_STANDARD = gnu11;
				GCC_NO_COMMON_BLOCKS = YES;
				GCC_WARN_64_TO_32_BIT_CONVERSION = YES;
				GCC_WARN_ABOUT_RETURN_TYPE = YES_ERROR;
				GCC_WARN_UNDECLARED_SELECTOR = YES;
				GCC_WARN_UNINITIALIZED_AUTOS = YES_AGGRESSIVE;
				GCC_WARN_UNUSED_FUNCTION = YES;
				GCC_WARN_UNUSED_VARIABLE = YES;
				MACOSX_DEPLOYMENT_TARGET = 10.14;
				MTL_ENABLE_DEBUG_INFO = NO;
				MTL_FAST_MATH = YES;
				SDKROOT = macosx;
			};
			name = Release;
		};
		18B90E9E233682710052CB32 /* Debug */ = {
			isa = XCBuildConfiguration;
			buildSettings = {
				CODE_SIGN_IDENTITY = "-";
				CODE_SIGN_STYLE = Automatic;
				DEVELOPMENT_TEAM = KL2JALR869;
				HEADER_SEARCH_PATHS = (
					"$(glfw_header)",
					/usr/local/include,
				);
				LIBRARY_SEARCH_PATHS = (
					"$(glfw_lib)",
					/usr/local/Cellar/glfw/3.3/lib,
				);
				PRODUCT_NAME = "$(TARGET_NAME)";
			};
			name = Debug;
		};
		18B90E9F233682710052CB32 /* Release */ = {
			isa = XCBuildConfiguration;
			buildSettings = {
				CODE_SIGN_IDENTITY = "-";
				CODE_SIGN_STYLE = Automatic;
				DEVELOPMENT_TEAM = KL2JALR869;
				HEADER_SEARCH_PATHS = (
					"$(glfw_header)",
					/usr/local/include,
				);
				LIBRARY_SEARCH_PATHS = (
					"$(glfw_lib)",
					/usr/local/Cellar/glfw/3.3/lib,
				);
				PRODUCT_NAME = "$(TARGET_NAME)";
			};
			name = Release;
		};
/* End XCBuildConfiguration section */

/* Begin XCConfigurationList section */
		18B90E91233682710052CB32 /* Build configuration list for PBXProject "GLBootstrap" */ = {
			isa = XCConfigurationList;
			buildConfigurations = (
				18B90E9B233682710052CB32 /* Debug */,
				18B90E9C233682710052CB32 /* Release */,
			);
			defaultConfigurationIsVisible = 0;
			defaultConfigurationName = Release;
		};
		18B90E9D233682710052CB32 /* Build configuration list for PBXNativeTarget "GLBootstrap" */ = {
			isa = XCConfigurationList;
			buildConfigurations = (
				18B90E9E233682710052CB32 /* Debug */,
				18B90E9F233682710052CB32 /* Release */,
			);
			defaultConfigurationIsVisible = 0;
			defaultConfigurationName = Release;
		};
/* End XCConfigurationList section */
	};
	rootObject = 18B90E8E233682710052CB32 /* Project object */;
}
